
Microsoft Visual Studio Solution File, Format Version 12.00
# Visual Studio 15
VisualStudioVersion = 15.0.28307.572
MinimumVisualStudioVersion = 10.0.40219.1
Project("{FAE04EC0-301F-11D3-BF4B-00C04F79EFBC}") = "UmbracoDocker", "UmbracoDocker\UmbracoDocker.csproj", "{86155588-589C-47A4-BB3A-C2CFC6048243}"
EndProject
Project("{E53339B2-1760-4266-BCC7-CA923CBCF16C}") = "docker-compose", "docker-compose.dcproj", "{50CAF248-92C5-4D6B-BCE5-9FA11C9ABE94}"
EndProject
Global
	GlobalSection(SolutionConfigurationPlatforms) = preSolution
		Debug|Any CPU = Debug|Any CPU
		Release|Any CPU = Release|Any CPU
	EndGlobalSection
	GlobalSection(ProjectConfigurationPlatforms) = postSolution
		{86155588-589C-47A4-BB3A-C2CFC6048243}.Debug|Any CPU.ActiveCfg = Debug|Any CPU
		{86155588-589C-47A4-BB3A-C2CFC6048243}.Debug|Any CPU.Build.0 = Debug|Any CPU
		{86155588-589C-47A4-BB3A-C2CFC6048243}.Release|Any CPU.ActiveCfg = Release|Any CPU
		{86155588-589C-47A4-BB3A-C2CFC6048243}.Release|Any CPU.Build.0 = Release|Any CPU
		{50CAF248-92C5-4D6B-BCE5-9FA11C9ABE94}.Debug|Any CPU.ActiveCfg = Debug|Any CPU
		{50CAF248-92C5-4D6B-BCE5-9FA11C9ABE94}.Debug|Any CPU.Build.0 = Debug|Any CPU
		{50CAF248-92C5-4D6B-BCE5-9FA11C9ABE94}.Release|Any CPU.ActiveCfg = Release|Any CPU
		{50CAF248-92C5-4D6B-BCE5-9FA11C9ABE94}.Release|Any CPU.Build.0 = Release|Any CPU
	EndGlobalSection
	GlobalSection(SolutionProperties) = preSolution
		HideSolutionNode = FALSE
	EndGlobalSection
	GlobalSection(ExtensibilityGlobals) = postSolution
		SolutionGuid = {7D8F3932-E768-471E-B9A5-C76A97B38E73}
	EndGlobalSection
EndGlobal
